// !$*UTF8*$!
{
	archiveVersion = 1;
	classes = {
	};
	objectVersion = 56;
	objects = {

/* Begin PBXBuildFile section */
		9B3098B72B6795C300172C62 /* NavigationStackApp.swift in Sources */ = {isa = PBXBuildFile; fileRef = 9B3098B62B6795C300172C62 /* NavigationStackApp.swift */; };
		9B3098B92B6795C300172C62 /* ContentView.swift in Sources */ = {isa = PBXBuildFile; fileRef = 9B3098B82B6795C300172C62 /* ContentView.swift */; };
		9B3098BB2B6795C500172C62 /* Assets.xcassets in Resources */ = {isa = PBXBuildFile; fileRef = 9B3098BA2B6795C500172C62 /* Assets.xcassets */; };
		9B3098BE2B6795C500172C62 /* Preview Assets.xcassets in Resources */ = {isa = PBXBuildFile; fileRef = 9B3098BD2B6795C500172C62 /* Preview Assets.xcassets */; };
		9B3098C52B679B5600172C62 /* FlowVM.swift in Sources */ = {isa = PBXBuildFile; fileRef = 9B3098C42B679B5600172C62 /* FlowVM.swift */; };
		9B3098C72B68BEBF00172C62 /* HomeVM.swift in Sources */ = {isa = PBXBuildFile; fileRef = 9B3098C62B68BEBF00172C62 /* HomeVM.swift */; };
		9B3098C92B68E67C00172C62 /* FirstTabView.swift in Sources */ = {isa = PBXBuildFile; fileRef = 9B3098C82B68E67C00172C62 /* FirstTabView.swift */; };
		9B3098CC2B68EC3400172C62 /* DetailView.swift in Sources */ = {isa = PBXBuildFile; fileRef = 9B3098CB2B68EC3400172C62 /* DetailView.swift */; };
		9B3098CF2B68F79D00172C62 /* Book.swift in Sources */ = {isa = PBXBuildFile; fileRef = 9B3098CE2B68F79D00172C62 /* Book.swift */; };
		9B3098D22B68F8BD00172C62 /* SecondTabView.swift in Sources */ = {isa = PBXBuildFile; fileRef = 9B3098D12B68F8BD00172C62 /* SecondTabView.swift */; };
		9B3098D42B68FA1600172C62 /* BookDestinationView.swift in Sources */ = {isa = PBXBuildFile; fileRef = 9B3098D32B68FA1600172C62 /* BookDestinationView.swift */; };
		9B3098D72B68FF2C00172C62 /* ThirdTabView.swift in Sources */ = {isa = PBXBuildFile; fileRef = 9B3098D62B68FF2C00172C62 /* ThirdTabView.swift */; };
		9B3098D92B68FF5000172C62 /* Song.swift in Sources */ = {isa = PBXBuildFile; fileRef = 9B3098D82B68FF5000172C62 /* Song.swift */; };
		9B3098DB2B68FF5A00172C62 /* Movie.swift in Sources */ = {isa = PBXBuildFile; fileRef = 9B3098DA2B68FF5A00172C62 /* Movie.swift */; };
		9B3098DD2B68FFFE00172C62 /* ModelDataManager.swift in Sources */ = {isa = PBXBuildFile; fileRef = 9B3098DC2B68FFFE00172C62 /* ModelDataManager.swift */; };
		9B3098DF2B6900F400172C62 /* RootView.swift in Sources */ = {isa = PBXBuildFile; fileRef = 9B3098DE2B6900F400172C62 /* RootView.swift */; };
		9B3098E22B6A01E100172C62 /* NavigationStateManager.swift in Sources */ = {isa = PBXBuildFile; fileRef = 9B3098E12B6A01E100172C62 /* NavigationStateManager.swift */; };
		9B3098E42B6A153000172C62 /* SettingsView.swift in Sources */ = {isa = PBXBuildFile; fileRef = 9B3098E32B6A153000172C62 /* SettingsView.swift */; };
/* End PBXBuildFile section */

/* Begin PBXFileReference section */
		9B3098B32B6795C300172C62 /* NavigationStack.app */ = {isa = PBXFileReference; explicitFileType = wrapper.application; includeInIndex = 0; path = NavigationStack.app; sourceTree = BUILT_PRODUCTS_DIR; };
		9B3098B62B6795C300172C62 /* NavigationStackApp.swift */ = {isa = PBXFileReference; lastKnownFileType = sourcecode.swift; path = NavigationStackApp.swift; sourceTree = "<group>"; };
		9B3098B82B6795C300172C62 /* ContentView.swift */ = {isa = PBXFileReference; lastKnownFileType = sourcecode.swift; path = ContentView.swift; sourceTree = "<group>"; };
		9B3098BA2B6795C500172C62 /* Assets.xcassets */ = {isa = PBXFileReference; lastKnownFileType = folder.assetcatalog; path = Assets.xcassets; sourceTree = "<group>"; };
		9B3098BD2B6795C500172C62 /* Preview Assets.xcassets */ = {isa = PBXFileReference; lastKnownFileType = folder.assetcatalog; path = "Preview Assets.xcassets"; sourceTree = "<group>"; };
		9B3098C42B679B5600172C62 /* FlowVM.swift */ = {isa = PBXFileReference; lastKnownFileType = sourcecode.swift; path = FlowVM.swift; sourceTree = "<group>"; };
		9B3098C62B68BEBF00172C62 /* HomeVM.swift */ = {isa = PBXFileReference; lastKnownFileType = sourcecode.swift; path = HomeVM.swift; sourceTree = "<group>"; };
		9B3098C82B68E67C00172C62 /* FirstTabView.swift */ = {isa = PBXFileReference; lastKnownFileType = sourcecode.swift; path = FirstTabView.swift; sourceTree = "<group>"; };
		9B3098CB2B68EC3400172C62 /* DetailView.swift */ = {isa = PBXFileReference; lastKnownFileType = sourcecode.swift; path = DetailView.swift; sourceTree = "<group>"; };
		9B3098CE2B68F79D00172C62 /* Book.swift */ = {isa = PBXFileReference; lastKnownFileType = sourcecode.swift; path = Book.swift; sourceTree = "<group>"; };
		9B3098D12B68F8BD00172C62 /* SecondTabView.swift */ = {isa = PBXFileReference; lastKnownFileType = sourcecode.swift; path = SecondTabView.swift; sourceTree = "<group>"; };
		9B3098D32B68FA1600172C62 /* BookDestinationView.swift */ = {isa = PBXFileReference; lastKnownFileType = sourcecode.swift; path = BookDestinationView.swift; sourceTree = "<group>"; };
		9B3098D62B68FF2C00172C62 /* ThirdTabView.swift */ = {isa = PBXFileReference; lastKnownFileType = sourcecode.swift; path = ThirdTabView.swift; sourceTree = "<group>"; };
		9B3098D82B68FF5000172C62 /* Song.swift */ = {isa = PBXFileReference; lastKnownFileType = sourcecode.swift; path = Song.swift; sourceTree = "<group>"; };
		9B3098DA2B68FF5A00172C62 /* Movie.swift */ = {isa = PBXFileReference; lastKnownFileType = sourcecode.swift; path = Movie.swift; sourceTree = "<group>"; };
		9B3098DC2B68FFFE00172C62 /* ModelDataManager.swift */ = {isa = PBXFileReference; lastKnownFileType = sourcecode.swift; path = ModelDataManager.swift; sourceTree = "<group>"; };
		9B3098DE2B6900F400172C62 /* RootView.swift */ = {isa = PBXFileReference; lastKnownFileType = sourcecode.swift; path = RootView.swift; sourceTree = "<group>"; };
		9B3098E12B6A01E100172C62 /* NavigationStateManager.swift */ = {isa = PBXFileReference; lastKnownFileType = sourcecode.swift; path = NavigationStateManager.swift; sourceTree = "<group>"; };
		9B3098E32B6A153000172C62 /* SettingsView.swift */ = {isa = PBXFileReference; lastKnownFileType = sourcecode.swift; path = SettingsView.swift; sourceTree = "<group>"; };
/* End PBXFileReference section */

/* Begin PBXFrameworksBuildPhase section */
		9B3098B02B6795C300172C62 /* Frameworks */ = {
			isa = PBXFrameworksBuildPhase;
			buildActionMask = 2147483647;
			files = (
			);
			runOnlyForDeploymentPostprocessing = 0;
		};
/* End PBXFrameworksBuildPhase section */

/* Begin PBXGroup section */
		9B3098AA2B6795C300172C62 = {
			isa = PBXGroup;
			children = (
				9B3098B52B6795C300172C62 /* NavigationStack */,
				9B3098B42B6795C300172C62 /* Products */,
			);
			sourceTree = "<group>";
		};
		9B3098B42B6795C300172C62 /* Products */ = {
			isa = PBXGroup;
			children = (
				9B3098B32B6795C300172C62 /* NavigationStack.app */,
			);
			name = Products;
			sourceTree = "<group>";
		};
		9B3098B52B6795C300172C62 /* NavigationStack */ = {
			isa = PBXGroup;
			children = (
				9B3098E02B6A01C300172C62 /* viewModel */,
				9B3098D52B68FF1900172C62 /* thirdTab */,
				9B3098D02B68F8A800172C62 /* secondTab */,
				9B3098CD2B68F78C00172C62 /* model */,
				9B3098CA2B68EC2200172C62 /* firstTab */,
				9B3098B62B6795C300172C62 /* NavigationStackApp.swift */,
				9B3098B82B6795C300172C62 /* ContentView.swift */,
				9B3098BA2B6795C500172C62 /* Assets.xcassets */,
				9B3098BC2B6795C500172C62 /* Preview Content */,
				9B3098C42B679B5600172C62 /* FlowVM.swift */,
				9B3098C62B68BEBF00172C62 /* HomeVM.swift */,
			);
			path = NavigationStack;
			sourceTree = "<group>";
		};
		9B3098BC2B6795C500172C62 /* Preview Content */ = {
			isa = PBXGroup;
			children = (
				9B3098BD2B6795C500172C62 /* Preview Assets.xcassets */,
			);
			path = "Preview Content";
			sourceTree = "<group>";
		};
		9B3098CA2B68EC2200172C62 /* firstTab */ = {
			isa = PBXGroup;
			children = (
				9B3098C82B68E67C00172C62 /* FirstTabView.swift */,
				9B3098CB2B68EC3400172C62 /* DetailView.swift */,
			);
			path = firstTab;
			sourceTree = "<group>";
		};
		9B3098CD2B68F78C00172C62 /* model */ = {
			isa = PBXGroup;
			children = (
				9B3098CE2B68F79D00172C62 /* Book.swift */,
				9B3098D82B68FF5000172C62 /* Song.swift */,
				9B3098DA2B68FF5A00172C62 /* Movie.swift */,
			);
			path = model;
			sourceTree = "<group>";
		};
		9B3098D02B68F8A800172C62 /* secondTab */ = {
			isa = PBXGroup;
			children = (
				9B3098D12B68F8BD00172C62 /* SecondTabView.swift */,
				9B3098D32B68FA1600172C62 /* BookDestinationView.swift */,
			);
			path = secondTab;
			sourceTree = "<group>";
		};
		9B3098D52B68FF1900172C62 /* thirdTab */ = {
			isa = PBXGroup;
			children = (
				9B3098D62B68FF2C00172C62 /* ThirdTabView.swift */,
				9B3098DE2B6900F400172C62 /* RootView.swift */,
				9B3098E32B6A153000172C62 /* SettingsView.swift */,
			);
			path = thirdTab;
			sourceTree = "<group>";
		};
		9B3098E02B6A01C300172C62 /* viewModel */ = {
			isa = PBXGroup;
			children = (
				9B3098DC2B68FFFE00172C62 /* ModelDataManager.swift */,
				9B3098E12B6A01E100172C62 /* NavigationStateManager.swift */,
			);
			path = viewModel;
			sourceTree = "<group>";
		};
/* End PBXGroup section */

/* Begin PBXNativeTarget section */
		9B3098B22B6795C300172C62 /* NavigationStack */ = {
			isa = PBXNativeTarget;
			buildConfigurationList = 9B3098C12B6795C500172C62 /* Build configuration list for PBXNativeTarget "NavigationStack" */;
			buildPhases = (
				9B3098AF2B6795C300172C62 /* Sources */,
				9B3098B02B6795C300172C62 /* Frameworks */,
				9B3098B12B6795C300172C62 /* Resources */,
			);
			buildRules = (
			);
			dependencies = (
			);
			name = NavigationStack;
			productName = NavigationStack;
			productReference = 9B3098B32B6795C300172C62 /* NavigationStack.app */;
			productType = "com.apple.product-type.application";
		};
/* End PBXNativeTarget section */

/* Begin PBXProject section */
		9B3098AB2B6795C300172C62 /* Project object */ = {
			isa = PBXProject;
			attributes = {
				BuildIndependentTargetsInParallel = 1;
				LastSwiftUpdateCheck = 1420;
				LastUpgradeCheck = 1420;
				TargetAttributes = {
					9B3098B22B6795C300172C62 = {
						CreatedOnToolsVersion = 14.2;
					};
				};
			};
			buildConfigurationList = 9B3098AE2B6795C300172C62 /* Build configuration list for PBXProject "NavigationStack" */;
			compatibilityVersion = "Xcode 14.0";
			developmentRegion = en;
			hasScannedForEncodings = 0;
			knownRegions = (
				en,
				Base,
			);
			mainGroup = 9B3098AA2B6795C300172C62;
			productRefGroup = 9B3098B42B6795C300172C62 /* Products */;
			projectDirPath = "";
			projectRoot = "";
			targets = (
				9B3098B22B6795C300172C62 /* NavigationStack */,
			);
		};
/* End PBXProject section */

/* Begin PBXResourcesBuildPhase section */
		9B3098B12B6795C300172C62 /* Resources */ = {
			isa = PBXResourcesBuildPhase;
			buildActionMask = 2147483647;
			files = (
				9B3098BE2B6795C500172C62 /* Preview Assets.xcassets in Resources */,
				9B3098BB2B6795C500172C62 /* Assets.xcassets in Resources */,
			);
			runOnlyForDeploymentPostprocessing = 0;
		};
/* End PBXResourcesBuildPhase section */

/* Begin PBXSourcesBuildPhase section */
		9B3098AF2B6795C300172C62 /* Sources */ = {
			isa = PBXSourcesBuildPhase;
			buildActionMask = 2147483647;
			files = (
				9B3098C92B68E67C00172C62 /* FirstTabView.swift in Sources */,
				9B3098CC2B68EC3400172C62 /* DetailView.swift in Sources */,
				9B3098DB2B68FF5A00172C62 /* Movie.swift in Sources */,
				9B3098CF2B68F79D00172C62 /* Book.swift in Sources */,
				9B3098DF2B6900F400172C62 /* RootView.swift in Sources */,
				9B3098C52B679B5600172C62 /* FlowVM.swift in Sources */,
				9B3098D22B68F8BD00172C62 /* SecondTabView.swift in Sources */,
				9B3098D92B68FF5000172C62 /* Song.swift in Sources */,
				9B3098E22B6A01E100172C62 /* NavigationStateManager.swift in Sources */,
				9B3098E42B6A153000172C62 /* SettingsView.swift in Sources */,
				9B3098B92B6795C300172C62 /* ContentView.swift in Sources */,
				9B3098D72B68FF2C00172C62 /* ThirdTabView.swift in Sources */,
				9B3098DD2B68FFFE00172C62 /* ModelDataManager.swift in Sources */,
				9B3098D42B68FA1600172C62 /* BookDestinationView.swift in Sources */,
				9B3098B72B6795C300172C62 /* NavigationStackApp.swift in Sources */,
				9B3098C72B68BEBF00172C62 /* HomeVM.swift in Sources */,
			);
			runOnlyForDeploymentPostprocessing = 0;
		};
/* End PBXSourcesBuildPhase section */

/* Begin XCBuildConfiguration section */
		9B3098BF2B6795C500172C62 /* Debug */ = {
			isa = XCBuildConfiguration;
			buildSettings = {
				ALWAYS_SEARCH_USER_PATHS = NO;
				CLANG_ANALYZER_NONNULL = YES;
				CLANG_ANALYZER_NUMBER_OBJECT_CONVERSION = YES_AGGRESSIVE;
				CLANG_CXX_LANGUAGE_STANDARD = "gnu++20";
				CLANG_ENABLE_MODULES = YES;
				CLANG_ENABLE_OBJC_ARC = YES;
				CLANG_ENABLE_OBJC_WEAK = YES;
				CLANG_WARN_BLOCK_CAPTURE_AUTORELEASING = YES;
				CLANG_WARN_BOOL_CONVERSION = YES;
				CLANG_WARN_COMMA = YES;
				CLANG_WARN_CONSTANT_CONVERSION = YES;
				CLANG_WARN_DEPRECATED_OBJC_IMPLEMENTATIONS = YES;
				CLANG_WARN_DIRECT_OBJC_ISA_USAGE = YES_ERROR;
				CLANG_WARN_DOCUMENTATION_COMMENTS = YES;
				CLANG_WARN_EMPTY_BODY = YES;
				CLANG_WARN_ENUM_CONVERSION = YES;
				CLANG_WARN_INFINITE_RECURSION = YES;
				CLANG_WARN_INT_CONVERSION = YES;
				CLANG_WARN_NON_LITERAL_NULL_CONVERSION = YES;
				CLANG_WARN_OBJC_IMPLICIT_RETAIN_SELF = YES;
				CLANG_WARN_OBJC_LITERAL_CONVERSION = YES;
				CLANG_WARN_OBJC_ROOT_CLASS = YES_ERROR;
				CLANG_WARN_QUOTED_INCLUDE_IN_FRAMEWORK_HEADER = YES;
				CLANG_WARN_RANGE_LOOP_ANALYSIS = YES;
				CLANG_WARN_STRICT_PROTOTYPES = YES;
				CLANG_WARN_SUSPICIOUS_MOVE = YES;
				CLANG_WARN_UNGUARDED_AVAILABILITY = YES_AGGRESSIVE;
				CLANG_WARN_UNREACHABLE_CODE = YES;
				CLANG_WARN__DUPLICATE_METHOD_MATCH = YES;
				COPY_PHASE_STRIP = NO;
				DEBUG_INFORMATION_FORMAT = dwarf;
				ENABLE_STRICT_OBJC_MSGSEND = YES;
				ENABLE_TESTABILITY = YES;
				GCC_C_LANGUAGE_STANDARD = gnu11;
				GCC_DYNAMIC_NO_PIC = NO;
				GCC_NO_COMMON_BLOCKS = YES;
				GCC_OPTIMIZATION_LEVEL = 0;
				GCC_PREPROCESSOR_DEFINITIONS = (
					"DEBUG=1",
					"$(inherited)",
				);
				GCC_WARN_64_TO_32_BIT_CONVERSION = YES;
				GCC_WARN_ABOUT_RETURN_TYPE = YES_ERROR;
				GCC_WARN_UNDECLARED_SELECTOR = YES;
				GCC_WARN_UNINITIALIZED_AUTOS = YES_AGGRESSIVE;
				GCC_WARN_UNUSED_FUNCTION = YES;
				GCC_WARN_UNUSED_VARIABLE = YES;
				IPHONEOS_DEPLOYMENT_TARGET = 16.2;
				MTL_ENABLE_DEBUG_INFO = INCLUDE_SOURCE;
				MTL_FAST_MATH = YES;
				ONLY_ACTIVE_ARCH = YES;
				SDKROOT = iphoneos;
				SWIFT_ACTIVE_COMPILATION_CONDITIONS = DEBUG;
				SWIFT_OPTIMIZATION_LEVEL = "-Onone";
			};
			name = Debug;
		};
		9B3098C02B6795C500172C62 /* Release */ = {
			isa = XCBuildConfiguration;
			buildSettings = {
				ALWAYS_SEARCH_USER_PATHS = NO;
				CLANG_ANALYZER_NONNULL = YES;
				CLANG_ANALYZER_NUMBER_OBJECT_CONVERSION = YES_AGGRESSIVE;
				CLANG_CXX_LANGUAGE_STANDARD = "gnu++20";
				CLANG_ENABLE_MODULES = YES;
				CLANG_ENABLE_OBJC_ARC = YES;
				CLANG_ENABLE_OBJC_WEAK = YES;
				CLANG_WARN_BLOCK_CAPTURE_AUTORELEASING = YES;
				CLANG_WARN_BOOL_CONVERSION = YES;
				CLANG_WARN_COMMA = YES;
				CLANG_WARN_CONSTANT_CONVERSION = YES;
				CLANG_WARN_DEPRECATED_OBJC_IMPLEMENTATIONS = YES;
				CLANG_WARN_DIRECT_OBJC_ISA_USAGE = YES_ERROR;
				CLANG_WARN_DOCUMENTATION_COMMENTS = YES;
				CLANG_WARN_EMPTY_BODY = YES;
				CLANG_WARN_ENUM_CONVERSION = YES;
				CLANG_WARN_INFINITE_RECURSION = YES;
				CLANG_WARN_INT_CONVERSION = YES;
				CLANG_WARN_NON_LITERAL_NULL_CONVERSION = YES;
				CLANG_WARN_OBJC_IMPLICIT_RETAIN_SELF = YES;
				CLANG_WARN_OBJC_LITERAL_CONVERSION = YES;
				CLANG_WARN_OBJC_ROOT_CLASS = YES_ERROR;
				CLANG_WARN_QUOTED_INCLUDE_IN_FRAMEWORK_HEADER = YES;
				CLANG_WARN_RANGE_LOOP_ANALYSIS = YES;
				CLANG_WARN_STRICT_PROTOTYPES = YES;
				CLANG_WARN_SUSPICIOUS_MOVE = YES;
				CLANG_WARN_UNGUARDED_AVAILABILITY = YES_AGGRESSIVE;
				CLANG_WARN_UNREACHABLE_CODE = YES;
				CLANG_WARN__DUPLICATE_METHOD_MATCH = YES;
				COPY_PHASE_STRIP = NO;
				DEBUG_INFORMATION_FORMAT = "dwarf-with-dsym";
				ENABLE_NS_ASSERTIONS = NO;
				ENABLE_STRICT_OBJC_MSGSEND = YES;
				GCC_C_LANGUAGE_STANDARD = gnu11;
				GCC_NO_COMMON_BLOCKS = YES;
				GCC_WARN_64_TO_32_BIT_CONVERSION = YES;
				GCC_WARN_ABOUT_RETURN_TYPE = YES_ERROR;
				GCC_WARN_UNDECLARED_SELECTOR = YES;
				GCC_WARN_UNINITIALIZED_AUTOS = YES_AGGRESSIVE;
				GCC_WARN_UNUSED_FUNCTION = YES;
				GCC_WARN_UNUSED_VARIABLE = YES;
				IPHONEOS_DEPLOYMENT_TARGET = 16.2;
				MTL_ENABLE_DEBUG_INFO = NO;
				MTL_FAST_MATH = YES;
				SDKROOT = iphoneos;
				SWIFT_COMPILATION_MODE = wholemodule;
				SWIFT_OPTIMIZATION_LEVEL = "-O";
				VALIDATE_PRODUCT = YES;
			};
			name = Release;
		};
		9B3098C22B6795C500172C62 /* Debug */ = {
			isa = XCBuildConfiguration;
			buildSettings = {
				ASSETCATALOG_COMPILER_APPICON_NAME = AppIcon;
				ASSETCATALOG_COMPILER_GLOBAL_ACCENT_COLOR_NAME = AccentColor;
				CODE_SIGN_STYLE = Automatic;
				CURRENT_PROJECT_VERSION = 1;
				DEVELOPMENT_ASSET_PATHS = "\"NavigationStack/Preview Content\"";
				ENABLE_PREVIEWS = YES;
				GENERATE_INFOPLIST_FILE = YES;
				INFOPLIST_KEY_UIApplicationSceneManifest_Generation = YES;
				INFOPLIST_KEY_UIApplicationSupportsIndirectInputEvents = YES;
				INFOPLIST_KEY_UILaunchScreen_Generation = YES;
				INFOPLIST_KEY_UISupportedInterfaceOrientations_iPad = "UIInterfaceOrientationPortrait UIInterfaceOrientationPortraitUpsideDown UIInterfaceOrientationLandscapeLeft UIInterfaceOrientationLandscapeRight";
				INFOPLIST_KEY_UISupportedInterfaceOrientations_iPhone = "UIInterfaceOrientationPortrait UIInterfaceOrientationLandscapeLeft UIInterfaceOrientationLandscapeRight";
				LD_RUNPATH_SEARCH_PATHS = (
					"$(inherited)",
					"@executable_path/Frameworks",
				);
				MARKETING_VERSION = 1.0;
				PRODUCT_BUNDLE_IDENTIFIER = com.meezu.NavigationStack;
				PRODUCT_NAME = "$(TARGET_NAME)";
				SWIFT_EMIT_LOC_STRINGS = YES;
				SWIFT_VERSION = 5.0;
				TARGETED_DEVICE_FAMILY = "1,2";
			};
			name = Debug;
		};
		9B3098C32B6795C500172C62 /* Release */ = {
			isa = XCBuildConfiguration;
			buildSettings = {
				ASSETCATALOG_COMPILER_APPICON_NAME = AppIcon;
				ASSETCATALOG_COMPILER_GLOBAL_ACCENT_COLOR_NAME = AccentColor;
				CODE_SIGN_STYLE = Automatic;
				CURRENT_PROJECT_VERSION = 1;
				DEVELOPMENT_ASSET_PATHS = "\"NavigationStack/Preview Content\"";
				ENABLE_PREVIEWS = YES;
				GENERATE_INFOPLIST_FILE = YES;
				INFOPLIST_KEY_UIApplicationSceneManifest_Generation = YES;
				INFOPLIST_KEY_UIApplicationSupportsIndirectInputEvents = YES;
				INFOPLIST_KEY_UILaunchScreen_Generation = YES;
				INFOPLIST_KEY_UISupportedInterfaceOrientations_iPad = "UIInterfaceOrientationPortrait UIInterfaceOrientationPortraitUpsideDown UIInterfaceOrientationLandscapeLeft UIInterfaceOrientationLandscapeRight";
				INFOPLIST_KEY_UISupportedInterfaceOrientations_iPhone = "UIInterfaceOrientationPortrait UIInterfaceOrientationLandscapeLeft UIInterfaceOrientationLandscapeRight";
				LD_RUNPATH_SEARCH_PATHS = (
					"$(inherited)",
					"@executable_path/Frameworks",
				);
				MARKETING_VERSION = 1.0;
				PRODUCT_BUNDLE_IDENTIFIER = com.meezu.NavigationStack;
				PRODUCT_NAME = "$(TARGET_NAME)";
				SWIFT_EMIT_LOC_STRINGS = YES;
				SWIFT_VERSION = 5.0;
				TARGETED_DEVICE_FAMILY = "1,2";
			};
			name = Release;
		};
/* End XCBuildConfiguration section */

/* Begin XCConfigurationList section */
		9B3098AE2B6795C300172C62 /* Build configuration list for PBXProject "NavigationStack" */ = {
			isa = XCConfigurationList;
			buildConfigurations = (
				9B3098BF2B6795C500172C62 /* Debug */,
				9B3098C02B6795C500172C62 /* Release */,
			);
			defaultConfigurationIsVisible = 0;
			defaultConfigurationName = Release;
		};
		9B3098C12B6795C500172C62 /* Build configuration list for PBXNativeTarget "NavigationStack" */ = {
			isa = XCConfigurationList;
			buildConfigurations = (
				9B3098C22B6795C500172C62 /* Debug */,
				9B3098C32B6795C500172C62 /* Release */,
			);
			defaultConfigurationIsVisible = 0;
			defaultConfigurationName = Release;
		};
/* End XCConfigurationList section */
	};
	rootObject = 9B3098AB2B6795C300172C62 /* Project object */;
}
